{
  "name": "brightwheel-sample",
  "version": "0.1.0",
  "lockfileVersion": 1,
  "requires": true,
  "dependencies": {
    "babel-runtime": {
      "version": "6.25.0",
      "resolved": "https://registry.npmjs.org/babel-runtime/-/babel-runtime-6.25.0.tgz",
      "integrity": "sha1-M7mOql1IK7AajRqmtDetKwGuxBw=",
      "requires": {
        "core-js": "2.4.1",
        "regenerator-runtime": "0.10.5"
      }
    },
    "brightwheel": {
      "version": "0.2.0",
      "resolved": "https://registry.npmjs.org/brightwheel/-/brightwheel-0.2.0.tgz",
      "integrity": "sha512-sJn0aqH1gav98THYjNn3KQKq0CEmxNoJQCqUe2uvDIj4oSIpBuWPPhLOm836GCYtzmLJBrSwouRuV+1OHRLFCw==",
      "requires": {
        "babel-runtime": "6.25.0",
        "classnames": "2.2.5",
        "etch": "0.12.5"
      }
    },
    "classnames": {
      "version": "2.2.5",
      "resolved": "https://registry.npmjs.org/classnames/-/classnames-2.2.5.tgz",
      "integrity": "sha1-+zgB1FNGdknvNgPH1hoCvRKb3m0="
    },
    "core-js": {
      "version": "2.4.1",
      "resolved": "https://registry.npmjs.org/core-js/-/core-js-2.4.1.tgz",
      "integrity": "sha1-TekR5mew6ukSTjQlS1OupvxhjT4="
    },
    "etch": {
      "version": "0.12.5",
      "resolved": "https://registry.npmjs.org/etch/-/etch-0.12.5.tgz",
      "integrity": "sha1-DTnwoSAAdcVeweOSW+tiwCHPfpc="
    },
    "photonkit": {
      "version": "0.1.2",
      "resolved": "https://registry.npmjs.org/photonkit/-/photonkit-0.1.2.tgz",
      "integrity": "sha1-VmLCsCurwRw4zz83k5LgCDrkVRI="
    },
    "regenerator-runtime": {
      "version": "0.10.5",
      "resolved": "https://registry.npmjs.org/regenerator-runtime/-/regenerator-runtime-0.10.5.tgz",
      "integrity": "sha1-M2w+/BIgrc7dosn6tntaeVWjNlg="
    }
  }
}
